{
  "name": "Bitcoin Price",
  "version": "1.0.0",
  "lockfileVersion": 1,
  "requires": true,
  "dependencies": {
    "accounting": {
      "version": "0.4.1",
      "resolved": "https://registry.npmjs.org/accounting/-/accounting-0.4.1.tgz",
      "integrity": "sha1-h91BA+/39EYPHhhvXGd+1s9WaIM="
    },
    "currency-formatter": {
      "version": "1.4.2",
      "resolved": "https://registry.npmjs.org/currency-formatter/-/currency-formatter-1.4.2.tgz",
      "integrity": "sha512-rQ5HB3DenCZwfVPdpVTuVcAORodVO0VoqIbjhdUSuy0sE2b9jBdCaVKbA355NUc2KhPbu5ojHs3WypuEwPLfNg==",
      "requires": {
        "accounting": "0.4.1",
        "locale-currency": "0.0.1",
        "object-assign": "4.1.1"
      }
    },
    "locale-currency": {
      "version": "0.0.1",
      "resolved": "https://registry.npmjs.org/locale-currency/-/locale-currency-0.0.1.tgz",
      "integrity": "sha1-yeFaIv9XW0tLuUekv5KsI2vR/ps="
    },
    "moment": {
      "version": "2.22.1",
      "resolved": "https://registry.npmjs.org/moment/-/moment-2.22.1.tgz",
      "integrity": "sha512-shJkRTSebXvsVqk56I+lkb2latjBs8I+pc2TzWc545y2iFnSjm7Wg0QMh+ZWcdSLQyGEau5jI8ocnmkyTgr9YQ=="
    },
    "object-assign": {
      "version": "4.1.1",
      "resolved": "https://registry.npmjs.org/object-assign/-/object-assign-4.1.1.tgz",
      "integrity": "sha1-IQmtx5ZYh8/AXLvUQsrIv7s2CGM="
    }
  }
}
