{
  "name": "Disk Space Usage",
  "version": "1.0.0",
  "lockfileVersion": 1,
  "requires": true,
  "dependencies": {
    "systeminformation": {
      "version": "3.41.3",
      "resolved": "https://registry.npmjs.org/systeminformation/-/systeminformation-3.41.3.tgz",
      "integrity": "sha512-xcZamT5a24+1woOUNQ0au8UdSbpS+ir/Nuu4VAx26uuWkIbuCoF+cQNBc4H2h3QGGxMEgryu6Yg2Y6Z0ZjR8gA=="
    }
  }
}
