{
  "name": "Countdown",
  "version": "1.0.0",
  "lockfileVersion": 1,
  "requires": true,
  "dependencies": {
    "countdown": {
      "version": "2.6.0",
      "resolved": "https://registry.npmjs.org/countdown/-/countdown-2.6.0.tgz",
      "integrity": "sha1-Z3+446nUzE52QVkBuiU7UYrzQXc="
    },
    "moment": {
      "version": "2.22.1",
      "resolved": "https://registry.npmjs.org/moment/-/moment-2.22.1.tgz",
      "integrity": "sha512-shJkRTSebXvsVqk56I+lkb2latjBs8I+pc2TzWc545y2iFnSjm7Wg0QMh+ZWcdSLQyGEau5jI8ocnmkyTgr9YQ=="
    },
    "moment-countdown": {
      "version": "0.0.3",
      "resolved": "https://registry.npmjs.org/moment-countdown/-/moment-countdown-0.0.3.tgz",
      "integrity": "sha1-kxAMkqpv2IS4SoOBTr3Na4fzOI0=",
      "requires": {
        "countdown": "2.6.0",
        "moment": "2.22.1"
      }
    }
  }
}
