{
  "name": "Time",
  "version": "1.0.0",
  "lockfileVersion": 1,
  "requires": true,
  "dependencies": {
    "moment": {
      "version": "2.22.1",
      "resolved": "https://registry.npmjs.org/moment/-/moment-2.22.1.tgz",
      "integrity": "sha512-shJkRTSebXvsVqk56I+lkb2latjBs8I+pc2TzWc545y2iFnSjm7Wg0QMh+ZWcdSLQyGEau5jI8ocnmkyTgr9YQ=="
    },
    "moment-timezone": {
      "version": "0.5.16",
      "resolved": "https://registry.npmjs.org/moment-timezone/-/moment-timezone-0.5.16.tgz",
      "integrity": "sha512-4d1l92plNNqnMkqI/7boWNVXJvwGL2WyByl1Hxp3h/ao3HZiAqaoQY+6KBkYdiN5QtNDpndq+58ozl8W4GVoNw==",
      "requires": {
        "moment": "2.22.1"
      }
    }
  }
}
